<?xml version="1.0" encoding="utf-8"?>
<Project ToolsVersion="4.0" xmlns="http://schemas.microsoft.com/developer/msbuild/2003">
  <ItemGroup>
    <Filter Include="Source Files">
      <UniqueIdentifier>{4FC737F1-C7A5-4376-A066-2A32D752A2FF}</UniqueIdentifier>
      <Extensions>cpp;c;cc;cxx;def;odl;idl;hpj;bat;asm;asmx</Extensions>
    </Filter>
    <Filter Include="Resource Files">
      <UniqueIdentifier>{67DA6AB6-F800-4c08-8B7A-83BB121AAD01}</UniqueIdentifier>
      <Extensions>rc;ico;cur;bmp;dlg;rc2;rct;bin;rgs;gif;jpg;jpeg;jpe;resx;tiff;tif;png;wav;mfcribbon-ms</Extensions>
    </Filter>
  </ItemGroup>
  <ItemGroup>
    <ClInclude Include="MutableClassLoader.h">
      <Filter>Source Files</Filter>
    </ClInclude>
    <ClInclude Include="MutableClass.h">
      <Filter>Source Files</Filter>
    </ClInclude>
    <ClInclude Include="MutableMethod.h">
      <Filter>Source Files</Filter>
    </ClInclude>
    <ClInclude Include="MethodPostProcessor.h">
      <Filter>Source Files</Filter>
    </ClInclude>
    <ClInclude Include="ClassPostProcessor.h">
      <Filter>Source Files</Filter>
    </ClInclude>
    <ClInclude Include="IPostProcessorDelegate.h">
      <Filter>Source Files</Filter>
    </ClInclude>
    <ClInclude Include="MutableAttribute.h">
      <Filter>Source Files</Filter>
    </ClInclude>
    <ClInclude Include="MutableAttributes.h">
      <Filter>Source Files</Filter>
    </ClInclude>
    <ClInclude Include="attributes.h">
      <Filter>Source Files</Filter>
    </ClInclude>
  </ItemGroup>
  <ItemGroup>
    <ClCompile Include="MutableClassLoader.cpp">
      <Filter>Source Files</Filter>
    </ClCompile>
    <ClCompile Include="MutableClass.cpp">
      <Filter>Source Files</Filter>
    </ClCompile>
    <ClCompile Include="MutableMethod.cpp">
      <Filter>Source Files</Filter>
    </ClCompile>
    <ClCompile Include="MethodPostProcessor.cpp">
      <Filter>Source Files</Filter>
    </ClCompile>
    <ClCompile Include="ClassPostProcessor.cpp">
      <Filter>Source Files</Filter>
    </ClCompile>
    <ClCompile Include="MutableAttribute.cpp">
      <Filter>Source Files</Filter>
    </ClCompile>
    <ClCompile Include="MutableAttributes.cpp">
      <Filter>Source Files</Filter>
    </ClCompile>
    <ClCompile Include="attributes.cpp">
      <Filter>Source Files</Filter>
    </ClCompile>
  </ItemGroup>
</Project>